id: shift_samples_module_shift_samples
label: Shift Samples
category: '[Custom Modules]'

parameters:
-   id: type
    label: Input Type
    dtype: enum
    options: [complex, float, int, short]
    option_attributes:
        size: [gr.sizeof_gr_complex, gr.sizeof_float, gr.sizeof_int, gr.sizeof_short]
-   id: number_of_samples_to_shift
    label: Number of samples to shift
    dtype: int
    default: '0'        

inputs:
-   domain: stream
    dtype: ${ type }
    vlen: 1
outputs:
-   domain: stream
    dtype: ${ type }
    vlen: 1

templates:
  imports: from gnuradio import shift_samples_module
  make: |-
    shift_samples_module.shift_samples(${type.size}, ${number_of_samples_to_shift})
    self.${id}.set_number_of_samples_to_shift(${number_of_samples_to_shift})
  callbacks:
  - set_number_of_samples_to_shift(${number_of_samples_to_shift})


cpp_templates:
    includes: ['#include <gnuradio/shift_samples_module/shift_samples.h>']
    declarations: 'shift_samples_module::shift_samples::sptr ${id};'
    make: |-
      this->${id} = shift_samples_module::shift_samples::make(${type.size}, ${number_of_samples_to_shift});
      self->${id}.set_number_of_samples_to_shift(${number_of_samples_to_shift})
    callbacks:
    - set_number_of_samples_to_shift(${number_of_samples_to_shift})

file_format: 1
